// !$*UTF8*$!
{
	archiveVersion = 1;
	classes = {
	};
	objectVersion = 51;
	objects = {

/* Begin PBXBuildFile section */
		2E73C641FA4DBB107824AA6B /* Pods_42restaurants.framework in Frameworks */ = {isa = PBXBuildFile; fileRef = 4981BF50DDE7E42B07D51922 /* Pods_42restaurants.framework */; };
		5F1E629B4D2A6614F57B2146 /* Pods_42restaurants_42restaurantsUITests.framework in Frameworks */ = {isa = PBXBuildFile; fileRef = C58F0847EC9A21030961B146 /* Pods_42restaurants_42restaurantsUITests.framework */; };
		7A1D23BF26A67BB000F8E7E2 /* AppDelegate.swift in Sources */ = {isa = PBXBuildFile; fileRef = 7A1D23BE26A67BB000F8E7E2 /* AppDelegate.swift */; };
		7A1D23C126A67BB000F8E7E2 /* SceneDelegate.swift in Sources */ = {isa = PBXBuildFile; fileRef = 7A1D23C026A67BB000F8E7E2 /* SceneDelegate.swift */; };
		7A1D23C626A67BB000F8E7E2 /* Main.storyboard in Resources */ = {isa = PBXBuildFile; fileRef = 7A1D23C426A67BB000F8E7E2 /* Main.storyboard */; };
		7A1D23C826A67BB300F8E7E2 /* Assets.xcassets in Resources */ = {isa = PBXBuildFile; fileRef = 7A1D23C726A67BB300F8E7E2 /* Assets.xcassets */; };
		7A1D23CB26A67BB300F8E7E2 /* LaunchScreen.storyboard in Resources */ = {isa = PBXBuildFile; fileRef = 7A1D23C926A67BB300F8E7E2 /* LaunchScreen.storyboard */; };
		7A1D23D626A67BB400F8E7E2 /* _2restaurantsTests.swift in Sources */ = {isa = PBXBuildFile; fileRef = 7A1D23D526A67BB400F8E7E2 /* _2restaurantsTests.swift */; };
		7A1D23E126A67BB400F8E7E2 /* _2restaurantsUITests.swift in Sources */ = {isa = PBXBuildFile; fileRef = 7A1D23E026A67BB400F8E7E2 /* _2restaurantsUITests.swift */; };
		7A1D23EF26A67C9400F8E7E2 /* GoogleService-Info.plist in Resources */ = {isa = PBXBuildFile; fileRef = 7A1D23EE26A67C9400F8E7E2 /* GoogleService-Info.plist */; };
		7A34E4E826A6808E00254C11 /* MainMapViewController.swift in Sources */ = {isa = PBXBuildFile; fileRef = 7A34E4E726A6808E00254C11 /* MainMapViewController.swift */; };
		7A34E4EA26A6B1C000254C11 /* EnrollStoreViewController.swift in Sources */ = {isa = PBXBuildFile; fileRef = 7A34E4E926A6B1C000254C11 /* EnrollStoreViewController.swift */; };
		7A34E4EC26A6B50600254C11 /* PickCoordinateViewController.swift in Sources */ = {isa = PBXBuildFile; fileRef = 7A34E4EB26A6B50600254C11 /* PickCoordinateViewController.swift */; };
		7A34E4EF26A6C52200254C11 /* UIViewController+Extensions.swift in Sources */ = {isa = PBXBuildFile; fileRef = 7A34E4EE26A6C52200254C11 /* UIViewController+Extensions.swift */; };
		7A34E4F226A7C2AA00254C11 /* Store.swift in Sources */ = {isa = PBXBuildFile; fileRef = 7A34E4F126A7C2AA00254C11 /* Store.swift */; };
		7A34E51526A7E27F00254C11 /* Category.swift in Sources */ = {isa = PBXBuildFile; fileRef = 7A34E51426A7E27F00254C11 /* Category.swift */; };
		7A34E51726A7FE5800254C11 /* String+Extensions.swift in Sources */ = {isa = PBXBuildFile; fileRef = 7A34E51626A7FE5800254C11 /* String+Extensions.swift */; };
		7A34E51926A7FEB900254C11 /* Date+Extensions.swift in Sources */ = {isa = PBXBuildFile; fileRef = 7A34E51826A7FEB900254C11 /* Date+Extensions.swift */; };
		7ADEA98D26B105D200BE32D1 /* Image.swift in Sources */ = {isa = PBXBuildFile; fileRef = 7ADEA98C26B105D200BE32D1 /* Image.swift */; };
		7ADEA98F26B2614C00BE32D1 /* DetailMapViewController.swift in Sources */ = {isa = PBXBuildFile; fileRef = 7ADEA98E26B2614C00BE32D1 /* DetailMapViewController.swift */; };
		7ADEA99126B26C4C00BE32D1 /* DetailPhotosCollectionViewCell.swift in Sources */ = {isa = PBXBuildFile; fileRef = 7ADEA99026B26C4C00BE32D1 /* DetailPhotosCollectionViewCell.swift */; };
		7AE780B926ABB65F00B507DE /* ListStoreViewController.swift in Sources */ = {isa = PBXBuildFile; fileRef = 7AE780B826ABB65F00B507DE /* ListStoreViewController.swift */; };
		7AE780BC26ABB7B100B507DE /* StoreTableViewCell.swift in Sources */ = {isa = PBXBuildFile; fileRef = 7AE780BB26ABB7B100B507DE /* StoreTableViewCell.swift */; };
		7AE780BE26AE585000B507DE /* SegmentedDetailViewController.swift in Sources */ = {isa = PBXBuildFile; fileRef = 7AE780BD26AE585000B507DE /* SegmentedDetailViewController.swift */; };
		7AE780C026AE605A00B507DE /* ReviewDetailSegmentViewController.swift in Sources */ = {isa = PBXBuildFile; fileRef = 7AE780BF26AE605A00B507DE /* ReviewDetailSegmentViewController.swift */; };
		7AE780C226AE60B200B507DE /* PhotosDetailSegmentViewController.swift in Sources */ = {isa = PBXBuildFile; fileRef = 7AE780C126AE60B200B507DE /* PhotosDetailSegmentViewController.swift */; };
		7AE780C426AE6D1300B507DE /* DetailViewController.swift in Sources */ = {isa = PBXBuildFile; fileRef = 7AE780C326AE6D1300B507DE /* DetailViewController.swift */; };
		7AE780C826AECE8C00B507DE /* StoreSingleton.swift in Sources */ = {isa = PBXBuildFile; fileRef = 7AE780C726AECE8C00B507DE /* StoreSingleton.swift */; };
		7AE780CA26AED58600B507DE /* CommentPostViewController.swift in Sources */ = {isa = PBXBuildFile; fileRef = 7AE780C926AED58600B507DE /* CommentPostViewController.swift */; };
		7AE780CD26AEDBB100B507DE /* PhotoSetCollectionViewCell.swift in Sources */ = {isa = PBXBuildFile; fileRef = 7AE780CC26AEDBB100B507DE /* PhotoSetCollectionViewCell.swift */; };
		7AE7E12A26C2943A002536E1 /* ReviewTableViewCell.swift in Sources */ = {isa = PBXBuildFile; fileRef = 7AE7E12926C2943A002536E1 /* ReviewTableViewCell.swift */; };
		7AE7E12C26C295BB002536E1 /* ReviewImageCollectionViewCell.swift in Sources */ = {isa = PBXBuildFile; fileRef = 7AE7E12B26C295BB002536E1 /* ReviewImageCollectionViewCell.swift */; };
		7AF6615626AFECC300D405E0 /* StarRatingUISlider.swift in Sources */ = {isa = PBXBuildFile; fileRef = 7AF6615526AFECC300D405E0 /* StarRatingUISlider.swift */; };
		7AF6615826B0F0F200D405E0 /* Comments.swift in Sources */ = {isa = PBXBuildFile; fileRef = 7AF6615726B0F0F200D405E0 /* Comments.swift */; };
		90B5FA16283B087FDD41F64E /* Pods_42restaurantsTests.framework in Frameworks */ = {isa = PBXBuildFile; fileRef = 2196D7E9FDF15295C6B5DDCB /* Pods_42restaurantsTests.framework */; };
/* End PBXBuildFile section */

/* Begin PBXContainerItemProxy section */
		7A1D23D226A67BB400F8E7E2 /* PBXContainerItemProxy */ = {
			isa = PBXContainerItemProxy;
			containerPortal = 7A1D23B326A67BB000F8E7E2 /* Project object */;
			proxyType = 1;
			remoteGlobalIDString = 7A1D23BA26A67BB000F8E7E2;
			remoteInfo = 42restaurants;
		};
		7A1D23DD26A67BB400F8E7E2 /* PBXContainerItemProxy */ = {
			isa = PBXContainerItemProxy;
			containerPortal = 7A1D23B326A67BB000F8E7E2 /* Project object */;
			proxyType = 1;
			remoteGlobalIDString = 7A1D23BA26A67BB000F8E7E2;
			remoteInfo = 42restaurants;
		};
/* End PBXContainerItemProxy section */

/* Begin PBXFileReference section */
		0C4297DDC99E91CE26371E83 /* Pods-42restaurants-42restaurantsUITests.release.xcconfig */ = {isa = PBXFileReference; includeInIndex = 1; lastKnownFileType = text.xcconfig; name = "Pods-42restaurants-42restaurantsUITests.release.xcconfig"; path = "Target Support Files/Pods-42restaurants-42restaurantsUITests/Pods-42restaurants-42restaurantsUITests.release.xcconfig"; sourceTree = "<group>"; };
		2196D7E9FDF15295C6B5DDCB /* Pods_42restaurantsTests.framework */ = {isa = PBXFileReference; explicitFileType = wrapper.framework; includeInIndex = 0; path = Pods_42restaurantsTests.framework; sourceTree = BUILT_PRODUCTS_DIR; };
		3810DC62EF52E0A3D4381109 /* Pods-42restaurantsTests.debug.xcconfig */ = {isa = PBXFileReference; includeInIndex = 1; lastKnownFileType = text.xcconfig; name = "Pods-42restaurantsTests.debug.xcconfig"; path = "Target Support Files/Pods-42restaurantsTests/Pods-42restaurantsTests.debug.xcconfig"; sourceTree = "<group>"; };
		3CA963FD242FE8C55B07433B /* Pods-42restaurants.debug.xcconfig */ = {isa = PBXFileReference; includeInIndex = 1; lastKnownFileType = text.xcconfig; name = "Pods-42restaurants.debug.xcconfig"; path = "Target Support Files/Pods-42restaurants/Pods-42restaurants.debug.xcconfig"; sourceTree = "<group>"; };
		4981BF50DDE7E42B07D51922 /* Pods_42restaurants.framework */ = {isa = PBXFileReference; explicitFileType = wrapper.framework; includeInIndex = 0; path = Pods_42restaurants.framework; sourceTree = BUILT_PRODUCTS_DIR; };
		4F426C5A8656DDAE475DA7AA /* Pods-42restaurants-42restaurantsUITests.debug.xcconfig */ = {isa = PBXFileReference; includeInIndex = 1; lastKnownFileType = text.xcconfig; name = "Pods-42restaurants-42restaurantsUITests.debug.xcconfig"; path = "Target Support Files/Pods-42restaurants-42restaurantsUITests/Pods-42restaurants-42restaurantsUITests.debug.xcconfig"; sourceTree = "<group>"; };
		7A1D23BB26A67BB000F8E7E2 /* 42restaurants.app */ = {isa = PBXFileReference; explicitFileType = wrapper.application; includeInIndex = 0; path = 42restaurants.app; sourceTree = BUILT_PRODUCTS_DIR; };
		7A1D23BE26A67BB000F8E7E2 /* AppDelegate.swift */ = {isa = PBXFileReference; lastKnownFileType = sourcecode.swift; path = AppDelegate.swift; sourceTree = "<group>"; };
		7A1D23C026A67BB000F8E7E2 /* SceneDelegate.swift */ = {isa = PBXFileReference; lastKnownFileType = sourcecode.swift; path = SceneDelegate.swift; sourceTree = "<group>"; };
		7A1D23C526A67BB000F8E7E2 /* Base */ = {isa = PBXFileReference; lastKnownFileType = file.storyboard; name = Base; path = Base.lproj/Main.storyboard; sourceTree = "<group>"; };
		7A1D23C726A67BB300F8E7E2 /* Assets.xcassets */ = {isa = PBXFileReference; lastKnownFileType = folder.assetcatalog; path = Assets.xcassets; sourceTree = "<group>"; };
		7A1D23CA26A67BB300F8E7E2 /* Base */ = {isa = PBXFileReference; lastKnownFileType = file.storyboard; name = Base; path = Base.lproj/LaunchScreen.storyboard; sourceTree = "<group>"; };
		7A1D23CC26A67BB300F8E7E2 /* Info.plist */ = {isa = PBXFileReference; lastKnownFileType = text.plist.xml; path = Info.plist; sourceTree = "<group>"; };
		7A1D23D126A67BB400F8E7E2 /* 42restaurantsTests.xctest */ = {isa = PBXFileReference; explicitFileType = wrapper.cfbundle; includeInIndex = 0; path = 42restaurantsTests.xctest; sourceTree = BUILT_PRODUCTS_DIR; };
		7A1D23D526A67BB400F8E7E2 /* _2restaurantsTests.swift */ = {isa = PBXFileReference; lastKnownFileType = sourcecode.swift; path = _2restaurantsTests.swift; sourceTree = "<group>"; };
		7A1D23D726A67BB400F8E7E2 /* Info.plist */ = {isa = PBXFileReference; lastKnownFileType = text.plist.xml; path = Info.plist; sourceTree = "<group>"; };
		7A1D23DC26A67BB400F8E7E2 /* 42restaurantsUITests.xctest */ = {isa = PBXFileReference; explicitFileType = wrapper.cfbundle; includeInIndex = 0; path = 42restaurantsUITests.xctest; sourceTree = BUILT_PRODUCTS_DIR; };
		7A1D23E026A67BB400F8E7E2 /* _2restaurantsUITests.swift */ = {isa = PBXFileReference; lastKnownFileType = sourcecode.swift; path = _2restaurantsUITests.swift; sourceTree = "<group>"; };
		7A1D23E226A67BB400F8E7E2 /* Info.plist */ = {isa = PBXFileReference; lastKnownFileType = text.plist.xml; path = Info.plist; sourceTree = "<group>"; };
		7A1D23EE26A67C9400F8E7E2 /* GoogleService-Info.plist */ = {isa = PBXFileReference; fileEncoding = 4; lastKnownFileType = text.plist.xml; path = "GoogleService-Info.plist"; sourceTree = "<group>"; };
		7A34E4E726A6808E00254C11 /* MainMapViewController.swift */ = {isa = PBXFileReference; lastKnownFileType = sourcecode.swift; path = MainMapViewController.swift; sourceTree = "<group>"; };
		7A34E4E926A6B1C000254C11 /* EnrollStoreViewController.swift */ = {isa = PBXFileReference; lastKnownFileType = sourcecode.swift; path = EnrollStoreViewController.swift; sourceTree = "<group>"; };
		7A34E4EB26A6B50600254C11 /* PickCoordinateViewController.swift */ = {isa = PBXFileReference; lastKnownFileType = sourcecode.swift; path = PickCoordinateViewController.swift; sourceTree = "<group>"; };
		7A34E4EE26A6C52200254C11 /* UIViewController+Extensions.swift */ = {isa = PBXFileReference; lastKnownFileType = sourcecode.swift; path = "UIViewController+Extensions.swift"; sourceTree = "<group>"; };
		7A34E4F126A7C2AA00254C11 /* Store.swift */ = {isa = PBXFileReference; lastKnownFileType = sourcecode.swift; path = Store.swift; sourceTree = "<group>"; };
		7A34E51426A7E27F00254C11 /* Category.swift */ = {isa = PBXFileReference; lastKnownFileType = sourcecode.swift; path = Category.swift; sourceTree = "<group>"; };
		7A34E51626A7FE5800254C11 /* String+Extensions.swift */ = {isa = PBXFileReference; lastKnownFileType = sourcecode.swift; path = "String+Extensions.swift"; sourceTree = "<group>"; };
		7A34E51826A7FEB900254C11 /* Date+Extensions.swift */ = {isa = PBXFileReference; lastKnownFileType = sourcecode.swift; path = "Date+Extensions.swift"; sourceTree = "<group>"; };
		7ADEA98C26B105D200BE32D1 /* Image.swift */ = {isa = PBXFileReference; lastKnownFileType = sourcecode.swift; path = Image.swift; sourceTree = "<group>"; };
		7ADEA98E26B2614C00BE32D1 /* DetailMapViewController.swift */ = {isa = PBXFileReference; lastKnownFileType = sourcecode.swift; path = DetailMapViewController.swift; sourceTree = "<group>"; };
		7ADEA99026B26C4C00BE32D1 /* DetailPhotosCollectionViewCell.swift */ = {isa = PBXFileReference; lastKnownFileType = sourcecode.swift; path = DetailPhotosCollectionViewCell.swift; sourceTree = "<group>"; };
		7AE780B826ABB65F00B507DE /* ListStoreViewController.swift */ = {isa = PBXFileReference; lastKnownFileType = sourcecode.swift; path = ListStoreViewController.swift; sourceTree = "<group>"; };
		7AE780BB26ABB7B100B507DE /* StoreTableViewCell.swift */ = {isa = PBXFileReference; lastKnownFileType = sourcecode.swift; path = StoreTableViewCell.swift; sourceTree = "<group>"; };
		7AE780BD26AE585000B507DE /* SegmentedDetailViewController.swift */ = {isa = PBXFileReference; lastKnownFileType = sourcecode.swift; path = SegmentedDetailViewController.swift; sourceTree = "<group>"; };
		7AE780BF26AE605A00B507DE /* ReviewDetailSegmentViewController.swift */ = {isa = PBXFileReference; lastKnownFileType = sourcecode.swift; path = ReviewDetailSegmentViewController.swift; sourceTree = "<group>"; };
		7AE780C126AE60B200B507DE /* PhotosDetailSegmentViewController.swift */ = {isa = PBXFileReference; lastKnownFileType = sourcecode.swift; path = PhotosDetailSegmentViewController.swift; sourceTree = "<group>"; };
		7AE780C326AE6D1300B507DE /* DetailViewController.swift */ = {isa = PBXFileReference; lastKnownFileType = sourcecode.swift; path = DetailViewController.swift; sourceTree = "<group>"; };
		7AE780C726AECE8C00B507DE /* StoreSingleton.swift */ = {isa = PBXFileReference; lastKnownFileType = sourcecode.swift; path = StoreSingleton.swift; sourceTree = "<group>"; };
		7AE780C926AED58600B507DE /* CommentPostViewController.swift */ = {isa = PBXFileReference; lastKnownFileType = sourcecode.swift; path = CommentPostViewController.swift; sourceTree = "<group>"; };
		7AE780CC26AEDBB100B507DE /* PhotoSetCollectionViewCell.swift */ = {isa = PBXFileReference; lastKnownFileType = sourcecode.swift; path = PhotoSetCollectionViewCell.swift; sourceTree = "<group>"; };
		7AE7E12926C2943A002536E1 /* ReviewTableViewCell.swift */ = {isa = PBXFileReference; lastKnownFileType = sourcecode.swift; path = ReviewTableViewCell.swift; sourceTree = "<group>"; };
		7AE7E12B26C295BB002536E1 /* ReviewImageCollectionViewCell.swift */ = {isa = PBXFileReference; lastKnownFileType = sourcecode.swift; path = ReviewImageCollectionViewCell.swift; sourceTree = "<group>"; };
		7AF6615526AFECC300D405E0 /* StarRatingUISlider.swift */ = {isa = PBXFileReference; lastKnownFileType = sourcecode.swift; path = StarRatingUISlider.swift; sourceTree = "<group>"; };
		7AF6615726B0F0F200D405E0 /* Comments.swift */ = {isa = PBXFileReference; lastKnownFileType = sourcecode.swift; path = Comments.swift; sourceTree = "<group>"; };
		C58F0847EC9A21030961B146 /* Pods_42restaurants_42restaurantsUITests.framework */ = {isa = PBXFileReference; explicitFileType = wrapper.framework; includeInIndex = 0; path = Pods_42restaurants_42restaurantsUITests.framework; sourceTree = BUILT_PRODUCTS_DIR; };
		DA6C077F67706CEBEB5613C8 /* Pods-42restaurants.release.xcconfig */ = {isa = PBXFileReference; includeInIndex = 1; lastKnownFileType = text.xcconfig; name = "Pods-42restaurants.release.xcconfig"; path = "Target Support Files/Pods-42restaurants/Pods-42restaurants.release.xcconfig"; sourceTree = "<group>"; };
		EE4BB1EF5F675270DC04292B /* Pods-42restaurantsTests.release.xcconfig */ = {isa = PBXFileReference; includeInIndex = 1; lastKnownFileType = text.xcconfig; name = "Pods-42restaurantsTests.release.xcconfig"; path = "Target Support Files/Pods-42restaurantsTests/Pods-42restaurantsTests.release.xcconfig"; sourceTree = "<group>"; };
/* End PBXFileReference section */

/* Begin PBXFrameworksBuildPhase section */
		7A1D23B826A67BB000F8E7E2 /* Frameworks */ = {
			isa = PBXFrameworksBuildPhase;
			buildActionMask = 2147483647;
			files = (
				2E73C641FA4DBB107824AA6B /* Pods_42restaurants.framework in Frameworks */,
			);
			runOnlyForDeploymentPostprocessing = 0;
		};
		7A1D23CE26A67BB400F8E7E2 /* Frameworks */ = {
			isa = PBXFrameworksBuildPhase;
			buildActionMask = 2147483647;
			files = (
				90B5FA16283B087FDD41F64E /* Pods_42restaurantsTests.framework in Frameworks */,
			);
			runOnlyForDeploymentPostprocessing = 0;
		};
		7A1D23D926A67BB400F8E7E2 /* Frameworks */ = {
			isa = PBXFrameworksBuildPhase;
			buildActionMask = 2147483647;
			files = (
				5F1E629B4D2A6614F57B2146 /* Pods_42restaurants_42restaurantsUITests.framework in Frameworks */,
			);
			runOnlyForDeploymentPostprocessing = 0;
		};
/* End PBXFrameworksBuildPhase section */

/* Begin PBXGroup section */
		78F39C3B5AE51993074607C2 /* Frameworks */ = {
			isa = PBXGroup;
			children = (
				4981BF50DDE7E42B07D51922 /* Pods_42restaurants.framework */,
				C58F0847EC9A21030961B146 /* Pods_42restaurants_42restaurantsUITests.framework */,
				2196D7E9FDF15295C6B5DDCB /* Pods_42restaurantsTests.framework */,
			);
			name = Frameworks;
			sourceTree = "<group>";
		};
		7A1D23B226A67BB000F8E7E2 = {
			isa = PBXGroup;
			children = (
				7A1D23BD26A67BB000F8E7E2 /* 42restaurants */,
				7A1D23D426A67BB400F8E7E2 /* 42restaurantsTests */,
				7A1D23DF26A67BB400F8E7E2 /* 42restaurantsUITests */,
				7A1D23BC26A67BB000F8E7E2 /* Products */,
				EC65CA7C74417DA1819DFE79 /* Pods */,
				78F39C3B5AE51993074607C2 /* Frameworks */,
			);
			sourceTree = "<group>";
		};
		7A1D23BC26A67BB000F8E7E2 /* Products */ = {
			isa = PBXGroup;
			children = (
				7A1D23BB26A67BB000F8E7E2 /* 42restaurants.app */,
				7A1D23D126A67BB400F8E7E2 /* 42restaurantsTests.xctest */,
				7A1D23DC26A67BB400F8E7E2 /* 42restaurantsUITests.xctest */,
			);
			name = Products;
			sourceTree = "<group>";
		};
		7A1D23BD26A67BB000F8E7E2 /* 42restaurants */ = {
			isa = PBXGroup;
			children = (
				7AF6615426AFEC8600D405E0 /* CustomUIClass */,
				7AE780C526AECE2200B507DE /* Service */,
				7AE780CB26AEDB7E00B507DE /* CollectionViewCells */,
				7AE780BA26ABB79400B507DE /* TableViewCells */,
				7A34E51326A7E27500254C11 /* Enums */,
				7A34E4F026A7C2A000254C11 /* Models */,
				7A34E4ED26A6C51100254C11 /* Extensions */,
				7A34E4E626A6800A00254C11 /* ViewControllers */,
				7A1D23BE26A67BB000F8E7E2 /* AppDelegate.swift */,
				7A1D23C026A67BB000F8E7E2 /* SceneDelegate.swift */,
				7A1D23C426A67BB000F8E7E2 /* Main.storyboard */,
				7A1D23C726A67BB300F8E7E2 /* Assets.xcassets */,
				7A1D23C926A67BB300F8E7E2 /* LaunchScreen.storyboard */,
				7A1D23CC26A67BB300F8E7E2 /* Info.plist */,
				7A1D23EE26A67C9400F8E7E2 /* GoogleService-Info.plist */,
			);
			path = 42restaurants;
			sourceTree = "<group>";
		};
		7A1D23D426A67BB400F8E7E2 /* 42restaurantsTests */ = {
			isa = PBXGroup;
			children = (
				7A1D23D526A67BB400F8E7E2 /* _2restaurantsTests.swift */,
				7A1D23D726A67BB400F8E7E2 /* Info.plist */,
			);
			path = 42restaurantsTests;
			sourceTree = "<group>";
		};
		7A1D23DF26A67BB400F8E7E2 /* 42restaurantsUITests */ = {
			isa = PBXGroup;
			children = (
				7A1D23E026A67BB400F8E7E2 /* _2restaurantsUITests.swift */,
				7A1D23E226A67BB400F8E7E2 /* Info.plist */,
			);
			path = 42restaurantsUITests;
			sourceTree = "<group>";
		};
		7A34E4E626A6800A00254C11 /* ViewControllers */ = {
			isa = PBXGroup;
			children = (
				7A34E4E726A6808E00254C11 /* MainMapViewController.swift */,
				7A34E4E926A6B1C000254C11 /* EnrollStoreViewController.swift */,
				7A34E4EB26A6B50600254C11 /* PickCoordinateViewController.swift */,
				7AE780B826ABB65F00B507DE /* ListStoreViewController.swift */,
				7AE780C326AE6D1300B507DE /* DetailViewController.swift */,
				7AE780BD26AE585000B507DE /* SegmentedDetailViewController.swift */,
				7AE780C126AE60B200B507DE /* PhotosDetailSegmentViewController.swift */,
				7AE780BF26AE605A00B507DE /* ReviewDetailSegmentViewController.swift */,
				7ADEA98E26B2614C00BE32D1 /* DetailMapViewController.swift */,
				7AE780C926AED58600B507DE /* CommentPostViewController.swift */,
			);
			path = ViewControllers;
			sourceTree = "<group>";
		};
		7A34E4ED26A6C51100254C11 /* Extensions */ = {
			isa = PBXGroup;
			children = (
				7A34E4EE26A6C52200254C11 /* UIViewController+Extensions.swift */,
				7A34E51626A7FE5800254C11 /* String+Extensions.swift */,
				7A34E51826A7FEB900254C11 /* Date+Extensions.swift */,
			);
			path = Extensions;
			sourceTree = "<group>";
		};
		7A34E4F026A7C2A000254C11 /* Models */ = {
			isa = PBXGroup;
			children = (
				7A34E4F126A7C2AA00254C11 /* Store.swift */,
				7AF6615726B0F0F200D405E0 /* Comments.swift */,
				7ADEA98C26B105D200BE32D1 /* Image.swift */,
			);
			path = Models;
			sourceTree = "<group>";
		};
		7A34E51326A7E27500254C11 /* Enums */ = {
			isa = PBXGroup;
			children = (
				7A34E51426A7E27F00254C11 /* Category.swift */,
			);
			path = Enums;
			sourceTree = "<group>";
		};
		7AE780BA26ABB79400B507DE /* TableViewCells */ = {
			isa = PBXGroup;
			children = (
				7AE780BB26ABB7B100B507DE /* StoreTableViewCell.swift */,
				7AE7E12926C2943A002536E1 /* ReviewTableViewCell.swift */,
			);
			path = TableViewCells;
			sourceTree = "<group>";
		};
		7AE780C526AECE2200B507DE /* Service */ = {
			isa = PBXGroup;
			children = (
				7AE780C626AECE7400B507DE /* Singletons */,
			);
			path = Service;
			sourceTree = "<group>";
		};
		7AE780C626AECE7400B507DE /* Singletons */ = {
			isa = PBXGroup;
			children = (
				7AE780C726AECE8C00B507DE /* StoreSingleton.swift */,
			);
			path = Singletons;
			sourceTree = "<group>";
		};
		7AE780CB26AEDB7E00B507DE /* CollectionViewCells */ = {
			isa = PBXGroup;
			children = (
				7AE780CC26AEDBB100B507DE /* PhotoSetCollectionViewCell.swift */,
				7ADEA99026B26C4C00BE32D1 /* DetailPhotosCollectionViewCell.swift */,
				7AE7E12B26C295BB002536E1 /* ReviewImageCollectionViewCell.swift */,
			);
			path = CollectionViewCells;
			sourceTree = "<group>";
		};
		7AF6615426AFEC8600D405E0 /* CustomUIClass */ = {
			isa = PBXGroup;
			children = (
				7AF6615526AFECC300D405E0 /* StarRatingUISlider.swift */,
			);
			path = CustomUIClass;
			sourceTree = "<group>";
		};
		EC65CA7C74417DA1819DFE79 /* Pods */ = {
			isa = PBXGroup;
			children = (
				3CA963FD242FE8C55B07433B /* Pods-42restaurants.debug.xcconfig */,
				DA6C077F67706CEBEB5613C8 /* Pods-42restaurants.release.xcconfig */,
				4F426C5A8656DDAE475DA7AA /* Pods-42restaurants-42restaurantsUITests.debug.xcconfig */,
				0C4297DDC99E91CE26371E83 /* Pods-42restaurants-42restaurantsUITests.release.xcconfig */,
				3810DC62EF52E0A3D4381109 /* Pods-42restaurantsTests.debug.xcconfig */,
				EE4BB1EF5F675270DC04292B /* Pods-42restaurantsTests.release.xcconfig */,
			);
			path = Pods;
			sourceTree = "<group>";
		};
/* End PBXGroup section */

/* Begin PBXNativeTarget section */
		7A1D23BA26A67BB000F8E7E2 /* 42restaurants */ = {
			isa = PBXNativeTarget;
			buildConfigurationList = 7A1D23E526A67BB400F8E7E2 /* Build configuration list for PBXNativeTarget "42restaurants" */;
			buildPhases = (
				1889A78B7A02A77991BF0CBD /* [CP] Check Pods Manifest.lock */,
				7A1D23B726A67BB000F8E7E2 /* Sources */,
				7A1D23B826A67BB000F8E7E2 /* Frameworks */,
				7A1D23B926A67BB000F8E7E2 /* Resources */,
				44557F550599C6F9215ED7E6 /* [CP] Embed Pods Frameworks */,
			);
			buildRules = (
			);
			dependencies = (
			);
			name = 42restaurants;
			productName = 42restaurants;
			productReference = 7A1D23BB26A67BB000F8E7E2 /* 42restaurants.app */;
			productType = "com.apple.product-type.application";
		};
		7A1D23D026A67BB400F8E7E2 /* 42restaurantsTests */ = {
			isa = PBXNativeTarget;
			buildConfigurationList = 7A1D23E826A67BB400F8E7E2 /* Build configuration list for PBXNativeTarget "42restaurantsTests" */;
			buildPhases = (
				4D3B2B47457FEB97FAE87D9E /* [CP] Check Pods Manifest.lock */,
				7A1D23CD26A67BB400F8E7E2 /* Sources */,
				7A1D23CE26A67BB400F8E7E2 /* Frameworks */,
				7A1D23CF26A67BB400F8E7E2 /* Resources */,
			);
			buildRules = (
			);
			dependencies = (
				7A1D23D326A67BB400F8E7E2 /* PBXTargetDependency */,
			);
			name = 42restaurantsTests;
			productName = 42restaurantsTests;
			productReference = 7A1D23D126A67BB400F8E7E2 /* 42restaurantsTests.xctest */;
			productType = "com.apple.product-type.bundle.unit-test";
		};
		7A1D23DB26A67BB400F8E7E2 /* 42restaurantsUITests */ = {
			isa = PBXNativeTarget;
			buildConfigurationList = 7A1D23EB26A67BB400F8E7E2 /* Build configuration list for PBXNativeTarget "42restaurantsUITests" */;
			buildPhases = (
				4E203E36282C321F9A439185 /* [CP] Check Pods Manifest.lock */,
				7A1D23D826A67BB400F8E7E2 /* Sources */,
				7A1D23D926A67BB400F8E7E2 /* Frameworks */,
				7A1D23DA26A67BB400F8E7E2 /* Resources */,
				422258EB0EED7C5201F5FE5C /* [CP] Embed Pods Frameworks */,
			);
			buildRules = (
			);
			dependencies = (
				7A1D23DE26A67BB400F8E7E2 /* PBXTargetDependency */,
			);
			name = 42restaurantsUITests;
			productName = 42restaurantsUITests;
			productReference = 7A1D23DC26A67BB400F8E7E2 /* 42restaurantsUITests.xctest */;
			productType = "com.apple.product-type.bundle.ui-testing";
		};
/* End PBXNativeTarget section */

/* Begin PBXProject section */
		7A1D23B326A67BB000F8E7E2 /* Project object */ = {
			isa = PBXProject;
			attributes = {
				LastSwiftUpdateCheck = 1250;
				LastUpgradeCheck = 1250;
				TargetAttributes = {
					7A1D23BA26A67BB000F8E7E2 = {
						CreatedOnToolsVersion = 12.5;
					};
					7A1D23D026A67BB400F8E7E2 = {
						CreatedOnToolsVersion = 12.5;
						TestTargetID = 7A1D23BA26A67BB000F8E7E2;
					};
					7A1D23DB26A67BB400F8E7E2 = {
						CreatedOnToolsVersion = 12.5;
						TestTargetID = 7A1D23BA26A67BB000F8E7E2;
					};
				};
			};
			buildConfigurationList = 7A1D23B626A67BB000F8E7E2 /* Build configuration list for PBXProject "42restaurants" */;
			compatibilityVersion = "Xcode 9.3";
			developmentRegion = en;
			hasScannedForEncodings = 0;
			knownRegions = (
				en,
				Base,
			);
			mainGroup = 7A1D23B226A67BB000F8E7E2;
			productRefGroup = 7A1D23BC26A67BB000F8E7E2 /* Products */;
			projectDirPath = "";
			projectRoot = "";
			targets = (
				7A1D23BA26A67BB000F8E7E2 /* 42restaurants */,
				7A1D23D026A67BB400F8E7E2 /* 42restaurantsTests */,
				7A1D23DB26A67BB400F8E7E2 /* 42restaurantsUITests */,
			);
		};
/* End PBXProject section */

/* Begin PBXResourcesBuildPhase section */
		7A1D23B926A67BB000F8E7E2 /* Resources */ = {
			isa = PBXResourcesBuildPhase;
			buildActionMask = 2147483647;
			files = (
				7A1D23CB26A67BB300F8E7E2 /* LaunchScreen.storyboard in Resources */,
				7A1D23EF26A67C9400F8E7E2 /* GoogleService-Info.plist in Resources */,
				7A1D23C826A67BB300F8E7E2 /* Assets.xcassets in Resources */,
				7A1D23C626A67BB000F8E7E2 /* Main.storyboard in Resources */,
			);
			runOnlyForDeploymentPostprocessing = 0;
		};
		7A1D23CF26A67BB400F8E7E2 /* Resources */ = {
			isa = PBXResourcesBuildPhase;
			buildActionMask = 2147483647;
			files = (
			);
			runOnlyForDeploymentPostprocessing = 0;
		};
		7A1D23DA26A67BB400F8E7E2 /* Resources */ = {
			isa = PBXResourcesBuildPhase;
			buildActionMask = 2147483647;
			files = (
			);
			runOnlyForDeploymentPostprocessing = 0;
		};
/* End PBXResourcesBuildPhase section */

/* Begin PBXShellScriptBuildPhase section */
		1889A78B7A02A77991BF0CBD /* [CP] Check Pods Manifest.lock */ = {
			isa = PBXShellScriptBuildPhase;
			buildActionMask = 2147483647;
			files = (
			);
			inputFileListPaths = (
			);
			inputPaths = (
				"${PODS_PODFILE_DIR_PATH}/Podfile.lock",
				"${PODS_ROOT}/Manifest.lock",
			);
			name = "[CP] Check Pods Manifest.lock";
			outputFileListPaths = (
			);
			outputPaths = (
				"$(DERIVED_FILE_DIR)/Pods-42restaurants-checkManifestLockResult.txt",
			);
			runOnlyForDeploymentPostprocessing = 0;
			shellPath = /bin/sh;
			shellScript = "diff \"${PODS_PODFILE_DIR_PATH}/Podfile.lock\" \"${PODS_ROOT}/Manifest.lock\" > /dev/null\nif [ $? != 0 ] ; then\n    # print error to STDERR\n    echo \"error: The sandbox is not in sync with the Podfile.lock. Run 'pod install' or update your CocoaPods installation.\" >&2\n    exit 1\nfi\n# This output is used by Xcode 'outputs' to avoid re-running this script phase.\necho \"SUCCESS\" > \"${SCRIPT_OUTPUT_FILE_0}\"\n";
			showEnvVarsInLog = 0;
		};
		422258EB0EED7C5201F5FE5C /* [CP] Embed Pods Frameworks */ = {
			isa = PBXShellScriptBuildPhase;
			buildActionMask = 2147483647;
			files = (
			);
			inputFileListPaths = (
				"${PODS_ROOT}/Target Support Files/Pods-42restaurants-42restaurantsUITests/Pods-42restaurants-42restaurantsUITests-frameworks-${CONFIGURATION}-input-files.xcfilelist",
			);
			name = "[CP] Embed Pods Frameworks";
			outputFileListPaths = (
				"${PODS_ROOT}/Target Support Files/Pods-42restaurants-42restaurantsUITests/Pods-42restaurants-42restaurantsUITests-frameworks-${CONFIGURATION}-output-files.xcfilelist",
			);
			runOnlyForDeploymentPostprocessing = 0;
			shellPath = /bin/sh;
			shellScript = "\"${PODS_ROOT}/Target Support Files/Pods-42restaurants-42restaurantsUITests/Pods-42restaurants-42restaurantsUITests-frameworks.sh\"\n";
			showEnvVarsInLog = 0;
		};
		44557F550599C6F9215ED7E6 /* [CP] Embed Pods Frameworks */ = {
			isa = PBXShellScriptBuildPhase;
			buildActionMask = 2147483647;
			files = (
			);
			inputFileListPaths = (
				"${PODS_ROOT}/Target Support Files/Pods-42restaurants/Pods-42restaurants-frameworks-${CONFIGURATION}-input-files.xcfilelist",
			);
			name = "[CP] Embed Pods Frameworks";
			outputFileListPaths = (
				"${PODS_ROOT}/Target Support Files/Pods-42restaurants/Pods-42restaurants-frameworks-${CONFIGURATION}-output-files.xcfilelist",
			);
			runOnlyForDeploymentPostprocessing = 0;
			shellPath = /bin/sh;
			shellScript = "\"${PODS_ROOT}/Target Support Files/Pods-42restaurants/Pods-42restaurants-frameworks.sh\"\n";
			showEnvVarsInLog = 0;
		};
		4D3B2B47457FEB97FAE87D9E /* [CP] Check Pods Manifest.lock */ = {
			isa = PBXShellScriptBuildPhase;
			buildActionMask = 2147483647;
			files = (
			);
			inputFileListPaths = (
			);
			inputPaths = (
				"${PODS_PODFILE_DIR_PATH}/Podfile.lock",
				"${PODS_ROOT}/Manifest.lock",
			);
			name = "[CP] Check Pods Manifest.lock";
			outputFileListPaths = (
			);
			outputPaths = (
				"$(DERIVED_FILE_DIR)/Pods-42restaurantsTests-checkManifestLockResult.txt",
			);
			runOnlyForDeploymentPostprocessing = 0;
			shellPath = /bin/sh;
			shellScript = "diff \"${PODS_PODFILE_DIR_PATH}/Podfile.lock\" \"${PODS_ROOT}/Manifest.lock\" > /dev/null\nif [ $? != 0 ] ; then\n    # print error to STDERR\n    echo \"error: The sandbox is not in sync with the Podfile.lock. Run 'pod install' or update your CocoaPods installation.\" >&2\n    exit 1\nfi\n# This output is used by Xcode 'outputs' to avoid re-running this script phase.\necho \"SUCCESS\" > \"${SCRIPT_OUTPUT_FILE_0}\"\n";
			showEnvVarsInLog = 0;
		};
		4E203E36282C321F9A439185 /* [CP] Check Pods Manifest.lock */ = {
			isa = PBXShellScriptBuildPhase;
			buildActionMask = 2147483647;
			files = (
			);
			inputFileListPaths = (
			);
			inputPaths = (
				"${PODS_PODFILE_DIR_PATH}/Podfile.lock",
				"${PODS_ROOT}/Manifest.lock",
			);
			name = "[CP] Check Pods Manifest.lock";
			outputFileListPaths = (
			);
			outputPaths = (
				"$(DERIVED_FILE_DIR)/Pods-42restaurants-42restaurantsUITests-checkManifestLockResult.txt",
			);
			runOnlyForDeploymentPostprocessing = 0;
			shellPath = /bin/sh;
			shellScript = "diff \"${PODS_PODFILE_DIR_PATH}/Podfile.lock\" \"${PODS_ROOT}/Manifest.lock\" > /dev/null\nif [ $? != 0 ] ; then\n    # print error to STDERR\n    echo \"error: The sandbox is not in sync with the Podfile.lock. Run 'pod install' or update your CocoaPods installation.\" >&2\n    exit 1\nfi\n# This output is used by Xcode 'outputs' to avoid re-running this script phase.\necho \"SUCCESS\" > \"${SCRIPT_OUTPUT_FILE_0}\"\n";
			showEnvVarsInLog = 0;
		};
/* End PBXShellScriptBuildPhase section */

/* Begin PBXSourcesBuildPhase section */
		7A1D23B726A67BB000F8E7E2 /* Sources */ = {
			isa = PBXSourcesBuildPhase;
			buildActionMask = 2147483647;
			files = (
				7AE780B926ABB65F00B507DE /* ListStoreViewController.swift in Sources */,
				7A34E4E826A6808E00254C11 /* MainMapViewController.swift in Sources */,
				7AE780CD26AEDBB100B507DE /* PhotoSetCollectionViewCell.swift in Sources */,
				7A1D23BF26A67BB000F8E7E2 /* AppDelegate.swift in Sources */,
				7AE780BC26ABB7B100B507DE /* StoreTableViewCell.swift in Sources */,
				7A34E4F226A7C2AA00254C11 /* Store.swift in Sources */,
				7AE780BE26AE585000B507DE /* SegmentedDetailViewController.swift in Sources */,
				7A34E51926A7FEB900254C11 /* Date+Extensions.swift in Sources */,
				7AE780C426AE6D1300B507DE /* DetailViewController.swift in Sources */,
				7ADEA98D26B105D200BE32D1 /* Image.swift in Sources */,
				7A34E4EF26A6C52200254C11 /* UIViewController+Extensions.swift in Sources */,
				7AE780C226AE60B200B507DE /* PhotosDetailSegmentViewController.swift in Sources */,
				7AF6615626AFECC300D405E0 /* StarRatingUISlider.swift in Sources */,
				7A34E51726A7FE5800254C11 /* String+Extensions.swift in Sources */,
				7A34E51526A7E27F00254C11 /* Category.swift in Sources */,
				7A34E4EC26A6B50600254C11 /* PickCoordinateViewController.swift in Sources */,
				7ADEA98F26B2614C00BE32D1 /* DetailMapViewController.swift in Sources */,
				7AE780C026AE605A00B507DE /* ReviewDetailSegmentViewController.swift in Sources */,
				7AE7E12C26C295BB002536E1 /* ReviewImageCollectionViewCell.swift in Sources */,
				7AE780C826AECE8C00B507DE /* StoreSingleton.swift in Sources */,
				7AF6615826B0F0F200D405E0 /* Comments.swift in Sources */,
				7A1D23C126A67BB000F8E7E2 /* SceneDelegate.swift in Sources */,
				7AE780CA26AED58600B507DE /* CommentPostViewController.swift in Sources */,
				7AE7E12A26C2943A002536E1 /* ReviewTableViewCell.swift in Sources */,
				7ADEA99126B26C4C00BE32D1 /* DetailPhotosCollectionViewCell.swift in Sources */,
				7A34E4EA26A6B1C000254C11 /* EnrollStoreViewController.swift in Sources */,
			);
			runOnlyForDeploymentPostprocessing = 0;
		};
		7A1D23CD26A67BB400F8E7E2 /* Sources */ = {
			isa = PBXSourcesBuildPhase;
			buildActionMask = 2147483647;
			files = (
				7A1D23D626A67BB400F8E7E2 /* _2restaurantsTests.swift in Sources */,
			);
			runOnlyForDeploymentPostprocessing = 0;
		};
		7A1D23D826A67BB400F8E7E2 /* Sources */ = {
			isa = PBXSourcesBuildPhase;
			buildActionMask = 2147483647;
			files = (
				7A1D23E126A67BB400F8E7E2 /* _2restaurantsUITests.swift in Sources */,
			);
			runOnlyForDeploymentPostprocessing = 0;
		};
/* End PBXSourcesBuildPhase section */

/* Begin PBXTargetDependency section */
		7A1D23D326A67BB400F8E7E2 /* PBXTargetDependency */ = {
			isa = PBXTargetDependency;
			target = 7A1D23BA26A67BB000F8E7E2 /* 42restaurants */;
			targetProxy = 7A1D23D226A67BB400F8E7E2 /* PBXContainerItemProxy */;
		};
		7A1D23DE26A67BB400F8E7E2 /* PBXTargetDependency */ = {
			isa = PBXTargetDependency;
			target = 7A1D23BA26A67BB000F8E7E2 /* 42restaurants */;
			targetProxy = 7A1D23DD26A67BB400F8E7E2 /* PBXContainerItemProxy */;
		};
/* End PBXTargetDependency section */

/* Begin PBXVariantGroup section */
		7A1D23C426A67BB000F8E7E2 /* Main.storyboard */ = {
			isa = PBXVariantGroup;
			children = (
				7A1D23C526A67BB000F8E7E2 /* Base */,
			);
			name = Main.storyboard;
			sourceTree = "<group>";
		};
		7A1D23C926A67BB300F8E7E2 /* LaunchScreen.storyboard */ = {
			isa = PBXVariantGroup;
			children = (
				7A1D23CA26A67BB300F8E7E2 /* Base */,
			);
			name = LaunchScreen.storyboard;
			sourceTree = "<group>";
		};
/* End PBXVariantGroup section */

/* Begin XCBuildConfiguration section */
		7A1D23E326A67BB400F8E7E2 /* Debug */ = {
			isa = XCBuildConfiguration;
			buildSettings = {
				ALWAYS_SEARCH_USER_PATHS = NO;
				CLANG_ANALYZER_NONNULL = YES;
				CLANG_ANALYZER_NUMBER_OBJECT_CONVERSION = YES_AGGRESSIVE;
				CLANG_CXX_LANGUAGE_STANDARD = "gnu++14";
				CLANG_CXX_LIBRARY = "libc++";
				CLANG_ENABLE_MODULES = YES;
				CLANG_ENABLE_OBJC_ARC = YES;
				CLANG_ENABLE_OBJC_WEAK = YES;
				CLANG_WARN_BLOCK_CAPTURE_AUTORELEASING = YES;
				CLANG_WARN_BOOL_CONVERSION = YES;
				CLANG_WARN_COMMA = YES;
				CLANG_WARN_CONSTANT_CONVERSION = YES;
				CLANG_WARN_DEPRECATED_OBJC_IMPLEMENTATIONS = YES;
				CLANG_WARN_DIRECT_OBJC_ISA_USAGE = YES_ERROR;
				CLANG_WARN_DOCUMENTATION_COMMENTS = YES;
				CLANG_WARN_EMPTY_BODY = YES;
				CLANG_WARN_ENUM_CONVERSION = YES;
				CLANG_WARN_INFINITE_RECURSION = YES;
				CLANG_WARN_INT_CONVERSION = YES;
				CLANG_WARN_NON_LITERAL_NULL_CONVERSION = YES;
				CLANG_WARN_OBJC_IMPLICIT_RETAIN_SELF = YES;
				CLANG_WARN_OBJC_LITERAL_CONVERSION = YES;
				CLANG_WARN_OBJC_ROOT_CLASS = YES_ERROR;
				CLANG_WARN_QUOTED_INCLUDE_IN_FRAMEWORK_HEADER = YES;
				CLANG_WARN_RANGE_LOOP_ANALYSIS = YES;
				CLANG_WARN_STRICT_PROTOTYPES = YES;
				CLANG_WARN_SUSPICIOUS_MOVE = YES;
				CLANG_WARN_UNGUARDED_AVAILABILITY = YES_AGGRESSIVE;
				CLANG_WARN_UNREACHABLE_CODE = YES;
				CLANG_WARN__DUPLICATE_METHOD_MATCH = YES;
				COPY_PHASE_STRIP = NO;
				DEBUG_INFORMATION_FORMAT = dwarf;
				ENABLE_STRICT_OBJC_MSGSEND = YES;
				ENABLE_TESTABILITY = YES;
				GCC_C_LANGUAGE_STANDARD = gnu11;
				GCC_DYNAMIC_NO_PIC = NO;
				GCC_NO_COMMON_BLOCKS = YES;
				GCC_OPTIMIZATION_LEVEL = 0;
				GCC_PREPROCESSOR_DEFINITIONS = (
					"DEBUG=1",
					"$(inherited)",
				);
				GCC_WARN_64_TO_32_BIT_CONVERSION = YES;
				GCC_WARN_ABOUT_RETURN_TYPE = YES_ERROR;
				GCC_WARN_UNDECLARED_SELECTOR = YES;
				GCC_WARN_UNINITIALIZED_AUTOS = YES_AGGRESSIVE;
				GCC_WARN_UNUSED_FUNCTION = YES;
				GCC_WARN_UNUSED_VARIABLE = YES;
				IPHONEOS_DEPLOYMENT_TARGET = 13.0;
				MTL_ENABLE_DEBUG_INFO = INCLUDE_SOURCE;
				MTL_FAST_MATH = YES;
				ONLY_ACTIVE_ARCH = YES;
				SDKROOT = iphoneos;
				SWIFT_ACTIVE_COMPILATION_CONDITIONS = DEBUG;
				SWIFT_OPTIMIZATION_LEVEL = "-Onone";
			};
			name = Debug;
		};
		7A1D23E426A67BB400F8E7E2 /* Release */ = {
			isa = XCBuildConfiguration;
			buildSettings = {
				ALWAYS_SEARCH_USER_PATHS = NO;
				CLANG_ANALYZER_NONNULL = YES;
				CLANG_ANALYZER_NUMBER_OBJECT_CONVERSION = YES_AGGRESSIVE;
				CLANG_CXX_LANGUAGE_STANDARD = "gnu++14";
				CLANG_CXX_LIBRARY = "libc++";
				CLANG_ENABLE_MODULES = YES;
				CLANG_ENABLE_OBJC_ARC = YES;
				CLANG_ENABLE_OBJC_WEAK = YES;
				CLANG_WARN_BLOCK_CAPTURE_AUTORELEASING = YES;
				CLANG_WARN_BOOL_CONVERSION = YES;
				CLANG_WARN_COMMA = YES;
				CLANG_WARN_CONSTANT_CONVERSION = YES;
				CLANG_WARN_DEPRECATED_OBJC_IMPLEMENTATIONS = YES;
				CLANG_WARN_DIRECT_OBJC_ISA_USAGE = YES_ERROR;
				CLANG_WARN_DOCUMENTATION_COMMENTS = YES;
				CLANG_WARN_EMPTY_BODY = YES;
				CLANG_WARN_ENUM_CONVERSION = YES;
				CLANG_WARN_INFINITE_RECURSION = YES;
				CLANG_WARN_INT_CONVERSION = YES;
				CLANG_WARN_NON_LITERAL_NULL_CONVERSION = YES;
				CLANG_WARN_OBJC_IMPLICIT_RETAIN_SELF = YES;
				CLANG_WARN_OBJC_LITERAL_CONVERSION = YES;
				CLANG_WARN_OBJC_ROOT_CLASS = YES_ERROR;
				CLANG_WARN_QUOTED_INCLUDE_IN_FRAMEWORK_HEADER = YES;
				CLANG_WARN_RANGE_LOOP_ANALYSIS = YES;
				CLANG_WARN_STRICT_PROTOTYPES = YES;
				CLANG_WARN_SUSPICIOUS_MOVE = YES;
				CLANG_WARN_UNGUARDED_AVAILABILITY = YES_AGGRESSIVE;
				CLANG_WARN_UNREACHABLE_CODE = YES;
				CLANG_WARN__DUPLICATE_METHOD_MATCH = YES;
				COPY_PHASE_STRIP = NO;
				DEBUG_INFORMATION_FORMAT = "dwarf-with-dsym";
				ENABLE_NS_ASSERTIONS = NO;
				ENABLE_STRICT_OBJC_MSGSEND = YES;
				GCC_C_LANGUAGE_STANDARD = gnu11;
				GCC_NO_COMMON_BLOCKS = YES;
				GCC_WARN_64_TO_32_BIT_CONVERSION = YES;
				GCC_WARN_ABOUT_RETURN_TYPE = YES_ERROR;
				GCC_WARN_UNDECLARED_SELECTOR = YES;
				GCC_WARN_UNINITIALIZED_AUTOS = YES_AGGRESSIVE;
				GCC_WARN_UNUSED_FUNCTION = YES;
				GCC_WARN_UNUSED_VARIABLE = YES;
				IPHONEOS_DEPLOYMENT_TARGET = 13.0;
				MTL_ENABLE_DEBUG_INFO = NO;
				MTL_FAST_MATH = YES;
				SDKROOT = iphoneos;
				SWIFT_COMPILATION_MODE = wholemodule;
				SWIFT_OPTIMIZATION_LEVEL = "-O";
				VALIDATE_PRODUCT = YES;
			};
			name = Release;
		};
		7A1D23E626A67BB400F8E7E2 /* Debug */ = {
			isa = XCBuildConfiguration;
			baseConfigurationReference = 3CA963FD242FE8C55B07433B /* Pods-42restaurants.debug.xcconfig */;
			buildSettings = {
				ASSETCATALOG_COMPILER_APPICON_NAME = AppIcon;
				ASSETCATALOG_COMPILER_GLOBAL_ACCENT_COLOR_NAME = AccentColor;
				CODE_SIGN_IDENTITY = "Apple Development";
				CODE_SIGN_STYLE = Automatic;
				DEVELOPMENT_TEAM = VWY286867X;
				INFOPLIST_FILE = 42restaurants/Info.plist;
				LD_RUNPATH_SEARCH_PATHS = (
					"$(inherited)",
					"@executable_path/Frameworks",
				);
				PRODUCT_BUNDLE_IDENTIFIER = "com.kchoi.-2restaurants";
				PRODUCT_NAME = "$(TARGET_NAME)";
				PROVISIONING_PROFILE_SPECIFIER = "";
				SWIFT_VERSION = 5.0;
				TARGETED_DEVICE_FAMILY = "1,2";
			};
			name = Debug;
		};
		7A1D23E726A67BB400F8E7E2 /* Release */ = {
			isa = XCBuildConfiguration;
			baseConfigurationReference = DA6C077F67706CEBEB5613C8 /* Pods-42restaurants.release.xcconfig */;
			buildSettings = {
				ASSETCATALOG_COMPILER_APPICON_NAME = AppIcon;
				ASSETCATALOG_COMPILER_GLOBAL_ACCENT_COLOR_NAME = AccentColor;
				CODE_SIGN_IDENTITY = "Apple Development";
				CODE_SIGN_STYLE = Automatic;
				DEVELOPMENT_TEAM = VWY286867X;
				INFOPLIST_FILE = 42restaurants/Info.plist;
				LD_RUNPATH_SEARCH_PATHS = (
					"$(inherited)",
					"@executable_path/Frameworks",
				);
				PRODUCT_BUNDLE_IDENTIFIER = "com.kchoi.-2restaurants";
				PRODUCT_NAME = "$(TARGET_NAME)";
				PROVISIONING_PROFILE_SPECIFIER = "";
				SWIFT_VERSION = 5.0;
				TARGETED_DEVICE_FAMILY = "1,2";
			};
			name = Release;
		};
		7A1D23E926A67BB400F8E7E2 /* Debug */ = {
			isa = XCBuildConfiguration;
			baseConfigurationReference = 3810DC62EF52E0A3D4381109 /* Pods-42restaurantsTests.debug.xcconfig */;
			buildSettings = {
				ALWAYS_EMBED_SWIFT_STANDARD_LIBRARIES = YES;
				BUNDLE_LOADER = "$(TEST_HOST)";
				CODE_SIGN_STYLE = Automatic;
				DEVELOPMENT_TEAM = VWY286867X;
				INFOPLIST_FILE = 42restaurantsTests/Info.plist;
				IPHONEOS_DEPLOYMENT_TARGET = 14.5;
				LD_RUNPATH_SEARCH_PATHS = (
					"$(inherited)",
					"@executable_path/Frameworks",
					"@loader_path/Frameworks",
				);
				PRODUCT_BUNDLE_IDENTIFIER = "com.kchoi.-2restaurantsTests";
				PRODUCT_NAME = "$(TARGET_NAME)";
				SWIFT_VERSION = 5.0;
				TARGETED_DEVICE_FAMILY = "1,2";
				TEST_HOST = "$(BUILT_PRODUCTS_DIR)/42restaurants.app/42restaurants";
			};
			name = Debug;
		};
		7A1D23EA26A67BB400F8E7E2 /* Release */ = {
			isa = XCBuildConfiguration;
			baseConfigurationReference = EE4BB1EF5F675270DC04292B /* Pods-42restaurantsTests.release.xcconfig */;
			buildSettings = {
				ALWAYS_EMBED_SWIFT_STANDARD_LIBRARIES = YES;
				BUNDLE_LOADER = "$(TEST_HOST)";
				CODE_SIGN_STYLE = Automatic;
				DEVELOPMENT_TEAM = VWY286867X;
				INFOPLIST_FILE = 42restaurantsTests/Info.plist;
				IPHONEOS_DEPLOYMENT_TARGET = 14.5;
				LD_RUNPATH_SEARCH_PATHS = (
					"$(inherited)",
					"@executable_path/Frameworks",
					"@loader_path/Frameworks",
				);
				PRODUCT_BUNDLE_IDENTIFIER = "com.kchoi.-2restaurantsTests";
				PRODUCT_NAME = "$(TARGET_NAME)";
				SWIFT_VERSION = 5.0;
				TARGETED_DEVICE_FAMILY = "1,2";
				TEST_HOST = "$(BUILT_PRODUCTS_DIR)/42restaurants.app/42restaurants";
			};
			name = Release;
		};
		7A1D23EC26A67BB400F8E7E2 /* Debug */ = {
			isa = XCBuildConfiguration;
			baseConfigurationReference = 4F426C5A8656DDAE475DA7AA /* Pods-42restaurants-42restaurantsUITests.debug.xcconfig */;
			buildSettings = {
				ALWAYS_EMBED_SWIFT_STANDARD_LIBRARIES = YES;
				CODE_SIGN_STYLE = Automatic;
				DEVELOPMENT_TEAM = VWY286867X;
				INFOPLIST_FILE = 42restaurantsUITests/Info.plist;
				LD_RUNPATH_SEARCH_PATHS = (
					"$(inherited)",
					"@executable_path/Frameworks",
					"@loader_path/Frameworks",
				);
				PRODUCT_BUNDLE_IDENTIFIER = "com.kchoi.-2restaurantsUITests";
				PRODUCT_NAME = "$(TARGET_NAME)";
				SWIFT_VERSION = 5.0;
				TARGETED_DEVICE_FAMILY = "1,2";
				TEST_TARGET_NAME = 42restaurants;
			};
			name = Debug;
		};
		7A1D23ED26A67BB400F8E7E2 /* Release */ = {
			isa = XCBuildConfiguration;
			baseConfigurationReference = 0C4297DDC99E91CE26371E83 /* Pods-42restaurants-42restaurantsUITests.release.xcconfig */;
			buildSettings = {
				ALWAYS_EMBED_SWIFT_STANDARD_LIBRARIES = YES;
				CODE_SIGN_STYLE = Automatic;
				DEVELOPMENT_TEAM = VWY286867X;
				INFOPLIST_FILE = 42restaurantsUITests/Info.plist;
				LD_RUNPATH_SEARCH_PATHS = (
					"$(inherited)",
					"@executable_path/Frameworks",
					"@loader_path/Frameworks",
				);
				PRODUCT_BUNDLE_IDENTIFIER = "com.kchoi.-2restaurantsUITests";
				PRODUCT_NAME = "$(TARGET_NAME)";
				SWIFT_VERSION = 5.0;
				TARGETED_DEVICE_FAMILY = "1,2";
				TEST_TARGET_NAME = 42restaurants;
			};
			name = Release;
		};
/* End XCBuildConfiguration section */

/* Begin XCConfigurationList section */
		7A1D23B626A67BB000F8E7E2 /* Build configuration list for PBXProject "42restaurants" */ = {
			isa = XCConfigurationList;
			buildConfigurations = (
				7A1D23E326A67BB400F8E7E2 /* Debug */,
				7A1D23E426A67BB400F8E7E2 /* Release */,
			);
			defaultConfigurationIsVisible = 0;
			defaultConfigurationName = Release;
		};
		7A1D23E526A67BB400F8E7E2 /* Build configuration list for PBXNativeTarget "42restaurants" */ = {
			isa = XCConfigurationList;
			buildConfigurations = (
				7A1D23E626A67BB400F8E7E2 /* Debug */,
				7A1D23E726A67BB400F8E7E2 /* Release */,
			);
			defaultConfigurationIsVisible = 0;
			defaultConfigurationName = Release;
		};
		7A1D23E826A67BB400F8E7E2 /* Build configuration list for PBXNativeTarget "42restaurantsTests" */ = {
			isa = XCConfigurationList;
			buildConfigurations = (
				7A1D23E926A67BB400F8E7E2 /* Debug */,
				7A1D23EA26A67BB400F8E7E2 /* Release */,
			);
			defaultConfigurationIsVisible = 0;
			defaultConfigurationName = Release;
		};
		7A1D23EB26A67BB400F8E7E2 /* Build configuration list for PBXNativeTarget "42restaurantsUITests" */ = {
			isa = XCConfigurationList;
			buildConfigurations = (
				7A1D23EC26A67BB400F8E7E2 /* Debug */,
				7A1D23ED26A67BB400F8E7E2 /* Release */,
			);
			defaultConfigurationIsVisible = 0;
			defaultConfigurationName = Release;
		};
/* End XCConfigurationList section */
	};
	rootObject = 7A1D23B326A67BB000F8E7E2 /* Project object */;
}
